
Microsoft Visual Studio Solution File, Format Version 12.00
# Visual Studio Version 17
VisualStudioVersion = 17.0.32112.339
MinimumVisualStudioVersion = 10.0.40219.1
Project("{9A19103F-16F7-4668-BE54-9A1E7A4F7556}") = "ConsoleApp1", "ConsoleApp1\ConsoleApp1.csproj", "{9AAEB758-97A4-4D94-B4AE-F080DD340F84}"
EndProject
Project("{2150E333-8FDC-42A3-9474-1A3956D46DE8}") = "Solution Items", "Solution Items", "{C36852D9-6D58-4628-82B0-7DD7E60747D1}"
	ProjectSection(SolutionItems) = preProject
		Assignments.md = Assignments.md
		readme.md = readme.md
	EndProjectSection
EndProject
Project("{9A19103F-16F7-4668-BE54-9A1E7A4F7556}") = "CS_Methods", "CS_Methods\CS_Methods.csproj", "{0E796075-DA30-4A98-80F1-8659BE37AE01}"
EndProject
Project("{9A19103F-16F7-4668-BE54-9A1E7A4F7556}") = "CS_If_Condition", "CS_If_Condition\CS_If_Condition.csproj", "{5D079BB7-C353-401D-A622-40DE5878D6F3}"
EndProject
Project("{9A19103F-16F7-4668-BE54-9A1E7A4F7556}") = "CS_Strings", "CS_Strings\CS_Strings.csproj", "{35DB5C9C-A65B-49F5-A592-0D3EF5C5F75D}"
EndProject
Project("{9A19103F-16F7-4668-BE54-9A1E7A4F7556}") = "CS_Loops", "CS_Loops\CS_Loops.csproj", "{74172CDB-EAAC-4AD3-A2BA-1AA62ED6E4C1}"
EndProject
Project("{9A19103F-16F7-4668-BE54-9A1E7A4F7556}") = "CS_Parameters", "CS_Parameters\CS_Parameters.csproj", "{AECEAEE3-2209-4658-999B-5919F06E23B6}"
EndProject
Project("{9A19103F-16F7-4668-BE54-9A1E7A4F7556}") = "CS_Array", "CS_Array\CS_Array.csproj", "{EAB2C52B-A2F8-4C39-BD1B-EE8EC8683BF3}"
EndProject
Project("{9A19103F-16F7-4668-BE54-9A1E7A4F7556}") = "CS_Collections", "CS_Collections\CS_Collections.csproj", "{A11A8558-B8CC-470B-963D-A8455F03E6E0}"
EndProject
Project("{9A19103F-16F7-4668-BE54-9A1E7A4F7556}") = "CS_Generics", "CS_Generics\CS_Generics.csproj", "{792820D7-E295-4F8C-9FDD-6EA3057B9C8C}"
EndProject
Project("{9A19103F-16F7-4668-BE54-9A1E7A4F7556}") = "CS_GenericStack", "CS_GenericStack\CS_GenericStack.csproj", "{83BDDE0B-896C-46C9-B704-A5B2444268A0}"
EndProject
Project("{9A19103F-16F7-4668-BE54-9A1E7A4F7556}") = "CS_MultiTypeGenerics", "CS_MultiTypeGenerics\CS_MultiTypeGenerics.csproj", "{7522FA66-DF9C-4E18-9E19-54A222E11E31}"
EndProject
Project("{9A19103F-16F7-4668-BE54-9A1E7A4F7556}") = "CS_BasicOOPs", "CS_BasicOOPs\CS_BasicOOPs.csproj", "{74DA19D1-582E-409A-A6F3-BC4404771AFF}"
EndProject
Project("{9A19103F-16F7-4668-BE54-9A1E7A4F7556}") = "CS_OOPsApp", "CS_OOPsApp\CS_OOPsApp.csproj", "{3A098F4E-FAC7-42B0-B7CE-CDFF1A05320C}"
EndProject
Project("{9A19103F-16F7-4668-BE54-9A1E7A4F7556}") = "CS_AutoProperties", "CS_AutoProperties\CS_AutoProperties.csproj", "{7315E812-260D-4589-954D-FDCE752AADED}"
EndProject
Project("{9A19103F-16F7-4668-BE54-9A1E7A4F7556}") = "CS_Inheritance", "CS_Inheritance\CS_Inheritance.csproj", "{8BEA39C0-4A47-4488-8E23-DC22BED3C788}"
EndProject
Project("{FAE04EC0-301F-11D3-BF4B-00C04F79EFBC}") = "CS_Interface", "CS_Interface\CS_Interface.csproj", "{A8FD1D12-533A-4A4F-93D9-42D243C16CCC}"
EndProject
Project("{FAE04EC0-301F-11D3-BF4B-00C04F79EFBC}") = "CS_BasicDelegate", "CS_BasicDelegate\CS_BasicDelegate.csproj", "{1A4CE2A4-6971-42BF-A9A2-10A397E1853B}"
EndProject
Project("{FAE04EC0-301F-11D3-BF4B-00C04F79EFBC}") = "CS_AnonymousMethod_Lamdba", "CS_AnonymousMethod_Lamdba\CS_AnonymousMethod_Lamdba.csproj", "{59EF9583-A80E-405C-8296-207162E79A4E}"
EndProject
Global
	GlobalSection(SolutionConfigurationPlatforms) = preSolution
		Debug|Any CPU = Debug|Any CPU
		Release|Any CPU = Release|Any CPU
	EndGlobalSection
	GlobalSection(ProjectConfigurationPlatforms) = postSolution
		{9AAEB758-97A4-4D94-B4AE-F080DD340F84}.Debug|Any CPU.ActiveCfg = Debug|Any CPU
		{9AAEB758-97A4-4D94-B4AE-F080DD340F84}.Debug|Any CPU.Build.0 = Debug|Any CPU
		{9AAEB758-97A4-4D94-B4AE-F080DD340F84}.Release|Any CPU.ActiveCfg = Release|Any CPU
		{9AAEB758-97A4-4D94-B4AE-F080DD340F84}.Release|Any CPU.Build.0 = Release|Any CPU
		{0E796075-DA30-4A98-80F1-8659BE37AE01}.Debug|Any CPU.ActiveCfg = Debug|Any CPU
		{0E796075-DA30-4A98-80F1-8659BE37AE01}.Debug|Any CPU.Build.0 = Debug|Any CPU
		{0E796075-DA30-4A98-80F1-8659BE37AE01}.Release|Any CPU.ActiveCfg = Release|Any CPU
		{0E796075-DA30-4A98-80F1-8659BE37AE01}.Release|Any CPU.Build.0 = Release|Any CPU
		{5D079BB7-C353-401D-A622-40DE5878D6F3}.Debug|Any CPU.ActiveCfg = Debug|Any CPU
		{5D079BB7-C353-401D-A622-40DE5878D6F3}.Debug|Any CPU.Build.0 = Debug|Any CPU
		{5D079BB7-C353-401D-A622-40DE5878D6F3}.Release|Any CPU.ActiveCfg = Release|Any CPU
		{5D079BB7-C353-401D-A622-40DE5878D6F3}.Release|Any CPU.Build.0 = Release|Any CPU
		{35DB5C9C-A65B-49F5-A592-0D3EF5C5F75D}.Debug|Any CPU.ActiveCfg = Debug|Any CPU
		{35DB5C9C-A65B-49F5-A592-0D3EF5C5F75D}.Debug|Any CPU.Build.0 = Debug|Any CPU
		{35DB5C9C-A65B-49F5-A592-0D3EF5C5F75D}.Release|Any CPU.ActiveCfg = Release|Any CPU
		{35DB5C9C-A65B-49F5-A592-0D3EF5C5F75D}.Release|Any CPU.Build.0 = Release|Any CPU
		{74172CDB-EAAC-4AD3-A2BA-1AA62ED6E4C1}.Debug|Any CPU.ActiveCfg = Debug|Any CPU
		{74172CDB-EAAC-4AD3-A2BA-1AA62ED6E4C1}.Debug|Any CPU.Build.0 = Debug|Any CPU
		{74172CDB-EAAC-4AD3-A2BA-1AA62ED6E4C1}.Release|Any CPU.ActiveCfg = Release|Any CPU
		{74172CDB-EAAC-4AD3-A2BA-1AA62ED6E4C1}.Release|Any CPU.Build.0 = Release|Any CPU
		{AECEAEE3-2209-4658-999B-5919F06E23B6}.Debug|Any CPU.ActiveCfg = Debug|Any CPU
		{AECEAEE3-2209-4658-999B-5919F06E23B6}.Debug|Any CPU.Build.0 = Debug|Any CPU
		{AECEAEE3-2209-4658-999B-5919F06E23B6}.Release|Any CPU.ActiveCfg = Release|Any CPU
		{AECEAEE3-2209-4658-999B-5919F06E23B6}.Release|Any CPU.Build.0 = Release|Any CPU
		{EAB2C52B-A2F8-4C39-BD1B-EE8EC8683BF3}.Debug|Any CPU.ActiveCfg = Debug|Any CPU
		{EAB2C52B-A2F8-4C39-BD1B-EE8EC8683BF3}.Debug|Any CPU.Build.0 = Debug|Any CPU
		{EAB2C52B-A2F8-4C39-BD1B-EE8EC8683BF3}.Release|Any CPU.ActiveCfg = Release|Any CPU
		{EAB2C52B-A2F8-4C39-BD1B-EE8EC8683BF3}.Release|Any CPU.Build.0 = Release|Any CPU
		{A11A8558-B8CC-470B-963D-A8455F03E6E0}.Debug|Any CPU.ActiveCfg = Debug|Any CPU
		{A11A8558-B8CC-470B-963D-A8455F03E6E0}.Debug|Any CPU.Build.0 = Debug|Any CPU
		{A11A8558-B8CC-470B-963D-A8455F03E6E0}.Release|Any CPU.ActiveCfg = Release|Any CPU
		{A11A8558-B8CC-470B-963D-A8455F03E6E0}.Release|Any CPU.Build.0 = Release|Any CPU
		{792820D7-E295-4F8C-9FDD-6EA3057B9C8C}.Debug|Any CPU.ActiveCfg = Debug|Any CPU
		{792820D7-E295-4F8C-9FDD-6EA3057B9C8C}.Debug|Any CPU.Build.0 = Debug|Any CPU
		{792820D7-E295-4F8C-9FDD-6EA3057B9C8C}.Release|Any CPU.ActiveCfg = Release|Any CPU
		{792820D7-E295-4F8C-9FDD-6EA3057B9C8C}.Release|Any CPU.Build.0 = Release|Any CPU
		{83BDDE0B-896C-46C9-B704-A5B2444268A0}.Debug|Any CPU.ActiveCfg = Debug|Any CPU
		{83BDDE0B-896C-46C9-B704-A5B2444268A0}.Debug|Any CPU.Build.0 = Debug|Any CPU
		{83BDDE0B-896C-46C9-B704-A5B2444268A0}.Release|Any CPU.ActiveCfg = Release|Any CPU
		{83BDDE0B-896C-46C9-B704-A5B2444268A0}.Release|Any CPU.Build.0 = Release|Any CPU
		{7522FA66-DF9C-4E18-9E19-54A222E11E31}.Debug|Any CPU.ActiveCfg = Debug|Any CPU
		{7522FA66-DF9C-4E18-9E19-54A222E11E31}.Debug|Any CPU.Build.0 = Debug|Any CPU
		{7522FA66-DF9C-4E18-9E19-54A222E11E31}.Release|Any CPU.ActiveCfg = Release|Any CPU
		{7522FA66-DF9C-4E18-9E19-54A222E11E31}.Release|Any CPU.Build.0 = Release|Any CPU
		{74DA19D1-582E-409A-A6F3-BC4404771AFF}.Debug|Any CPU.ActiveCfg = Debug|Any CPU
		{74DA19D1-582E-409A-A6F3-BC4404771AFF}.Debug|Any CPU.Build.0 = Debug|Any CPU
		{74DA19D1-582E-409A-A6F3-BC4404771AFF}.Release|Any CPU.ActiveCfg = Release|Any CPU
		{74DA19D1-582E-409A-A6F3-BC4404771AFF}.Release|Any CPU.Build.0 = Release|Any CPU
		{3A098F4E-FAC7-42B0-B7CE-CDFF1A05320C}.Debug|Any CPU.ActiveCfg = Debug|Any CPU
		{3A098F4E-FAC7-42B0-B7CE-CDFF1A05320C}.Debug|Any CPU.Build.0 = Debug|Any CPU
		{3A098F4E-FAC7-42B0-B7CE-CDFF1A05320C}.Release|Any CPU.ActiveCfg = Release|Any CPU
		{3A098F4E-FAC7-42B0-B7CE-CDFF1A05320C}.Release|Any CPU.Build.0 = Release|Any CPU
		{7315E812-260D-4589-954D-FDCE752AADED}.Debug|Any CPU.ActiveCfg = Debug|Any CPU
		{7315E812-260D-4589-954D-FDCE752AADED}.Debug|Any CPU.Build.0 = Debug|Any CPU
		{7315E812-260D-4589-954D-FDCE752AADED}.Release|Any CPU.ActiveCfg = Release|Any CPU
		{7315E812-260D-4589-954D-FDCE752AADED}.Release|Any CPU.Build.0 = Release|Any CPU
		{8BEA39C0-4A47-4488-8E23-DC22BED3C788}.Debug|Any CPU.ActiveCfg = Debug|Any CPU
		{8BEA39C0-4A47-4488-8E23-DC22BED3C788}.Debug|Any CPU.Build.0 = Debug|Any CPU
		{8BEA39C0-4A47-4488-8E23-DC22BED3C788}.Release|Any CPU.ActiveCfg = Release|Any CPU
		{8BEA39C0-4A47-4488-8E23-DC22BED3C788}.Release|Any CPU.Build.0 = Release|Any CPU
		{A8FD1D12-533A-4A4F-93D9-42D243C16CCC}.Debug|Any CPU.ActiveCfg = Debug|Any CPU
		{A8FD1D12-533A-4A4F-93D9-42D243C16CCC}.Debug|Any CPU.Build.0 = Debug|Any CPU
		{A8FD1D12-533A-4A4F-93D9-42D243C16CCC}.Release|Any CPU.ActiveCfg = Release|Any CPU
		{A8FD1D12-533A-4A4F-93D9-42D243C16CCC}.Release|Any CPU.Build.0 = Release|Any CPU
		{1A4CE2A4-6971-42BF-A9A2-10A397E1853B}.Debug|Any CPU.ActiveCfg = Debug|Any CPU
		{1A4CE2A4-6971-42BF-A9A2-10A397E1853B}.Debug|Any CPU.Build.0 = Debug|Any CPU
		{1A4CE2A4-6971-42BF-A9A2-10A397E1853B}.Release|Any CPU.ActiveCfg = Release|Any CPU
		{1A4CE2A4-6971-42BF-A9A2-10A397E1853B}.Release|Any CPU.Build.0 = Release|Any CPU
		{59EF9583-A80E-405C-8296-207162E79A4E}.Debug|Any CPU.ActiveCfg = Debug|Any CPU
		{59EF9583-A80E-405C-8296-207162E79A4E}.Debug|Any CPU.Build.0 = Debug|Any CPU
		{59EF9583-A80E-405C-8296-207162E79A4E}.Release|Any CPU.ActiveCfg = Release|Any CPU
		{59EF9583-A80E-405C-8296-207162E79A4E}.Release|Any CPU.Build.0 = Release|Any CPU
	EndGlobalSection
	GlobalSection(SolutionProperties) = preSolution
		HideSolutionNode = FALSE
	EndGlobalSection
	GlobalSection(ExtensibilityGlobals) = postSolution
		SolutionGuid = {6BEED080-7558-4636-9B32-78799C660785}
	EndGlobalSection
EndGlobal
